
Microsoft Visual Studio Solution File, Format Version 12.00
# Visual Studio 14
VisualStudioVersion = 14.0.25420.1
MinimumVisualStudioVersion = 10.0.40219.1
Project("{FAE04EC0-301F-11D3-BF4B-00C04F79EFBC}") = "StockProc", "StockProc\StockProc.csproj", "{F2C2B3D6-3B7E-49FB-954E-8E92A1ECE40C}"
EndProject
Global
	GlobalSection(SolutionConfigurationPlatforms) = preSolution
		Debug|x64 = Debug|x64
		Debug|x86 = Debug|x86
		Release|x64 = Release|x64
		Release|x86 = Release|x86
	EndGlobalSection
	GlobalSection(ProjectConfigurationPlatforms) = postSolution
		{F2C2B3D6-3B7E-49FB-954E-8E92A1ECE40C}.Debug|x64.ActiveCfg = Debug|x64
		{F2C2B3D6-3B7E-49FB-954E-8E92A1ECE40C}.Debug|x64.Build.0 = Debug|x64
		{F2C2B3D6-3B7E-49FB-954E-8E92A1ECE40C}.Debug|x86.ActiveCfg = Debug|x86
		{F2C2B3D6-3B7E-49FB-954E-8E92A1ECE40C}.Debug|x86.Build.0 = Debug|x86
		{F2C2B3D6-3B7E-49FB-954E-8E92A1ECE40C}.Release|x64.ActiveCfg = Release|x64
		{F2C2B3D6-3B7E-49FB-954E-8E92A1ECE40C}.Release|x64.Build.0 = Release|x64
		{F2C2B3D6-3B7E-49FB-954E-8E92A1ECE40C}.Release|x86.ActiveCfg = Release|x86
		{F2C2B3D6-3B7E-49FB-954E-8E92A1ECE40C}.Release|x86.Build.0 = Release|x86
	EndGlobalSection
	GlobalSection(SolutionProperties) = preSolution
		HideSolutionNode = FALSE
	EndGlobalSection
EndGlobal
